
Microsoft Visual Studio Solution File, Format Version 12.00
# Visual Studio Version 17
VisualStudioVersion = 17.3.32922.545
MinimumVisualStudioVersion = 10.0.40219.1
Project("{9A19103F-16F7-4668-BE54-9A1E7A4F7556}") = "ContentHubConsole", "ContentHubConsole.csproj", "{A2B71FA0-A829-47BB-B5C0-76772017E1FE}"
EndProject
Global
	GlobalSection(SolutionConfigurationPlatforms) = preSolution
		Debug|Any CPU = Debug|Any CPU
		Release|Any CPU = Release|Any CPU
	EndGlobalSection
	GlobalSection(ProjectConfigurationPlatforms) = postSolution
		{A2B71FA0-A829-47BB-B5C0-76772017E1FE}.Debug|Any CPU.ActiveCfg = Debug|Any CPU
		{A2B71FA0-A829-47BB-B5C0-76772017E1FE}.Debug|Any CPU.Build.0 = Debug|Any CPU
		{A2B71FA0-A829-47BB-B5C0-76772017E1FE}.Release|Any CPU.ActiveCfg = Release|Any CPU
		{A2B71FA0-A829-47BB-B5C0-76772017E1FE}.Release|Any CPU.Build.0 = Release|Any CPU
	EndGlobalSection
	GlobalSection(SolutionProperties) = preSolution
		HideSolutionNode = FALSE
	EndGlobalSection
	GlobalSection(ExtensibilityGlobals) = postSolution
		SolutionGuid = {14449D63-FD2A-496F-AF49-59681CBA62D4}
	EndGlobalSection
EndGlobal
